// !$*UTF8*$!
{
	archiveVersion = 1;
	classes = {
	};
	objectVersion = 56;
	objects = {

/* Begin PBXBuildFile section */
		041B74FA2A3256CC004BD189 /* Auth.storyboard in Resources */ = {isa = PBXBuildFile; fileRef = 041B74F92A3256CC004BD189 /* Auth.storyboard */; };
		041B74FD2A325877004BD189 /* WelcomeVC.swift in Sources */ = {isa = PBXBuildFile; fileRef = 041B74FC2A325877004BD189 /* WelcomeVC.swift */; };
		041B74FF2A32589E004BD189 /* RegisterVC.swift in Sources */ = {isa = PBXBuildFile; fileRef = 041B74FE2A32589E004BD189 /* RegisterVC.swift */; };
		041B75012A3258E6004BD189 /* LoginVC.swift in Sources */ = {isa = PBXBuildFile; fileRef = 041B75002A3258E6004BD189 /* LoginVC.swift */; };
		041B75032A32592B004BD189 /* RegisterViewModel.swift in Sources */ = {isa = PBXBuildFile; fileRef = 041B75022A32592B004BD189 /* RegisterViewModel.swift */; };
		041B75052A325942004BD189 /* LoginViewModel.swift in Sources */ = {isa = PBXBuildFile; fileRef = 041B75042A325942004BD189 /* LoginViewModel.swift */; };
		041B75072A32596A004BD189 /* CustomerModel.swift in Sources */ = {isa = PBXBuildFile; fileRef = 041B75062A32596A004BD189 /* CustomerModel.swift */; };
		043A92C82A335E41008862E5 /* Hh.swift in Sources */ = {isa = PBXBuildFile; fileRef = 043A92C72A335E41008862E5 /* Hh.swift */; };
		043E13202A33A68F002DA2A6 /* Utilits.swift in Sources */ = {isa = PBXBuildFile; fileRef = 043E131F2A33A68F002DA2A6 /* Utilits.swift */; };
		04AB81E72A3377200023EC24 /* ProductInfoVC.swift in Sources */ = {isa = PBXBuildFile; fileRef = 04AB81E62A3377200023EC24 /* ProductInfoVC.swift */; };
		04AB81EA2A33773F0023EC24 /* ProductInfo.storyboard in Resources */ = {isa = PBXBuildFile; fileRef = 04AB81E92A33773F0023EC24 /* ProductInfo.storyboard */; };
		04AB81EC2A337A5A0023EC24 /* ProductInfoModel.swift in Sources */ = {isa = PBXBuildFile; fileRef = 04AB81EB2A337A5A0023EC24 /* ProductInfoModel.swift */; };
		1CF566EF25A2B6E4CD8B3951 /* Pods_ShopifyUser.framework in Frameworks */ = {isa = PBXBuildFile; fileRef = 4A7344D159A6B07E13D9545B /* Pods_ShopifyUser.framework */; };
		1F91EF622A2C811400E897A3 /* NetworkProtocol.swift in Sources */ = {isa = PBXBuildFile; fileRef = 1F91EF612A2C811400E897A3 /* NetworkProtocol.swift */; };
		1F91EF642A2C812500E897A3 /* Network.swift in Sources */ = {isa = PBXBuildFile; fileRef = 1F91EF632A2C812500E897A3 /* Network.swift */; };
		1F91EF662A2C815000E897A3 /* DatabaseProtocol.swift in Sources */ = {isa = PBXBuildFile; fileRef = 1F91EF652A2C815000E897A3 /* DatabaseProtocol.swift */; };
		1F91EF692A2C820500E897A3 /* Database.swift in Sources */ = {isa = PBXBuildFile; fileRef = 1F91EF682A2C820500E897A3 /* Database.swift */; };
		1FC61A672A2C796D00FBDEC3 /* AppDelegate.swift in Sources */ = {isa = PBXBuildFile; fileRef = 1FC61A662A2C796D00FBDEC3 /* AppDelegate.swift */; };
		1FC61A692A2C796D00FBDEC3 /* SceneDelegate.swift in Sources */ = {isa = PBXBuildFile; fileRef = 1FC61A682A2C796D00FBDEC3 /* SceneDelegate.swift */; };
		1FC61A6B2A2C796D00FBDEC3 /* ViewController.swift in Sources */ = {isa = PBXBuildFile; fileRef = 1FC61A6A2A2C796D00FBDEC3 /* ViewController.swift */; };
		1FC61A6E2A2C796D00FBDEC3 /* Main.storyboard in Resources */ = {isa = PBXBuildFile; fileRef = 1FC61A6C2A2C796D00FBDEC3 /* Main.storyboard */; };
		1FC61A712A2C796D00FBDEC3 /* ShopifyUser.xcdatamodeld in Sources */ = {isa = PBXBuildFile; fileRef = 1FC61A6F2A2C796D00FBDEC3 /* ShopifyUser.xcdatamodeld */; };
		1FC61A732A2C796E00FBDEC3 /* Assets.xcassets in Resources */ = {isa = PBXBuildFile; fileRef = 1FC61A722A2C796E00FBDEC3 /* Assets.xcassets */; };
		1FC61A762A2C796E00FBDEC3 /* LaunchScreen.storyboard in Resources */ = {isa = PBXBuildFile; fileRef = 1FC61A742A2C796E00FBDEC3 /* LaunchScreen.storyboard */; };
		1FC61A812A2C796E00FBDEC3 /* ShopifyUserTests.swift in Sources */ = {isa = PBXBuildFile; fileRef = 1FC61A802A2C796E00FBDEC3 /* ShopifyUserTests.swift */; };
		1FC61A8B2A2C796E00FBDEC3 /* ShopifyUserUITests.swift in Sources */ = {isa = PBXBuildFile; fileRef = 1FC61A8A2A2C796E00FBDEC3 /* ShopifyUserUITests.swift */; };
		1FC61A8D2A2C796E00FBDEC3 /* ShopifyUserUITestsLaunchTests.swift in Sources */ = {isa = PBXBuildFile; fileRef = 1FC61A8C2A2C796E00FBDEC3 /* ShopifyUserUITestsLaunchTests.swift */; };
		737FD256EDEA4ACAC3252F92 /* Pods_ShopifyUserTests.framework in Frameworks */ = {isa = PBXBuildFile; fileRef = 237F6F29E56685AE6326105A /* Pods_ShopifyUserTests.framework */; };
		7AF1AA24089E57D371BCB70D /* Pods_ShopifyUser_ShopifyUserUITests.framework in Frameworks */ = {isa = PBXBuildFile; fileRef = 920203DB8C474755A9D78186 /* Pods_ShopifyUser_ShopifyUserUITests.framework */; };
/* End PBXBuildFile section */

/* Begin PBXContainerItemProxy section */
		1FC61A7D2A2C796E00FBDEC3 /* PBXContainerItemProxy */ = {
			isa = PBXContainerItemProxy;
			containerPortal = 1FC61A5B2A2C796D00FBDEC3 /* Project object */;
			proxyType = 1;
			remoteGlobalIDString = 1FC61A622A2C796D00FBDEC3;
			remoteInfo = ShopifyUser;
		};
		1FC61A872A2C796E00FBDEC3 /* PBXContainerItemProxy */ = {
			isa = PBXContainerItemProxy;
			containerPortal = 1FC61A5B2A2C796D00FBDEC3 /* Project object */;
			proxyType = 1;
			remoteGlobalIDString = 1FC61A622A2C796D00FBDEC3;
			remoteInfo = ShopifyUser;
		};
/* End PBXContainerItemProxy section */

/* Begin PBXFileReference section */
		041B74F92A3256CC004BD189 /* Auth.storyboard */ = {isa = PBXFileReference; lastKnownFileType = file.storyboard; path = Auth.storyboard; sourceTree = "<group>"; };
		041B74FC2A325877004BD189 /* WelcomeVC.swift */ = {isa = PBXFileReference; lastKnownFileType = sourcecode.swift; path = WelcomeVC.swift; sourceTree = "<group>"; };
		041B74FE2A32589E004BD189 /* RegisterVC.swift */ = {isa = PBXFileReference; lastKnownFileType = sourcecode.swift; path = RegisterVC.swift; sourceTree = "<group>"; };
		041B75002A3258E6004BD189 /* LoginVC.swift */ = {isa = PBXFileReference; lastKnownFileType = sourcecode.swift; path = LoginVC.swift; sourceTree = "<group>"; };
		041B75022A32592B004BD189 /* RegisterViewModel.swift */ = {isa = PBXFileReference; lastKnownFileType = sourcecode.swift; path = RegisterViewModel.swift; sourceTree = "<group>"; };
		041B75042A325942004BD189 /* LoginViewModel.swift */ = {isa = PBXFileReference; lastKnownFileType = sourcecode.swift; path = LoginViewModel.swift; sourceTree = "<group>"; };
		041B75062A32596A004BD189 /* CustomerModel.swift */ = {isa = PBXFileReference; lastKnownFileType = sourcecode.swift; path = CustomerModel.swift; sourceTree = "<group>"; };
		043A92C72A335E41008862E5 /* Hh.swift */ = {isa = PBXFileReference; lastKnownFileType = sourcecode.swift; path = Hh.swift; sourceTree = "<group>"; };
		043E131F2A33A68F002DA2A6 /* Utilits.swift */ = {isa = PBXFileReference; lastKnownFileType = sourcecode.swift; path = Utilits.swift; sourceTree = "<group>"; };
		04AB81E62A3377200023EC24 /* ProductInfoVC.swift */ = {isa = PBXFileReference; lastKnownFileType = sourcecode.swift; path = ProductInfoVC.swift; sourceTree = "<group>"; };
		04AB81E92A33773F0023EC24 /* ProductInfo.storyboard */ = {isa = PBXFileReference; lastKnownFileType = file.storyboard; path = ProductInfo.storyboard; sourceTree = "<group>"; };
		04AB81EB2A337A5A0023EC24 /* ProductInfoModel.swift */ = {isa = PBXFileReference; lastKnownFileType = sourcecode.swift; path = ProductInfoModel.swift; sourceTree = "<group>"; };
		15D6B23A93834029A917ABC1 /* Pods-ShopifyUser-ShopifyUserUITests.release.xcconfig */ = {isa = PBXFileReference; includeInIndex = 1; lastKnownFileType = text.xcconfig; name = "Pods-ShopifyUser-ShopifyUserUITests.release.xcconfig"; path = "Target Support Files/Pods-ShopifyUser-ShopifyUserUITests/Pods-ShopifyUser-ShopifyUserUITests.release.xcconfig"; sourceTree = "<group>"; };
		1F91EF612A2C811400E897A3 /* NetworkProtocol.swift */ = {isa = PBXFileReference; lastKnownFileType = sourcecode.swift; path = NetworkProtocol.swift; sourceTree = "<group>"; };
		1F91EF632A2C812500E897A3 /* Network.swift */ = {isa = PBXFileReference; lastKnownFileType = sourcecode.swift; path = Network.swift; sourceTree = "<group>"; };
		1F91EF652A2C815000E897A3 /* DatabaseProtocol.swift */ = {isa = PBXFileReference; lastKnownFileType = sourcecode.swift; path = DatabaseProtocol.swift; sourceTree = "<group>"; };
		1F91EF682A2C820500E897A3 /* Database.swift */ = {isa = PBXFileReference; lastKnownFileType = sourcecode.swift; path = Database.swift; sourceTree = "<group>"; };
		1FC61A632A2C796D00FBDEC3 /* ShopifyUser.app */ = {isa = PBXFileReference; explicitFileType = wrapper.application; includeInIndex = 0; path = ShopifyUser.app; sourceTree = BUILT_PRODUCTS_DIR; };
		1FC61A662A2C796D00FBDEC3 /* AppDelegate.swift */ = {isa = PBXFileReference; lastKnownFileType = sourcecode.swift; path = AppDelegate.swift; sourceTree = "<group>"; };
		1FC61A682A2C796D00FBDEC3 /* SceneDelegate.swift */ = {isa = PBXFileReference; lastKnownFileType = sourcecode.swift; path = SceneDelegate.swift; sourceTree = "<group>"; };
		1FC61A6A2A2C796D00FBDEC3 /* ViewController.swift */ = {isa = PBXFileReference; lastKnownFileType = sourcecode.swift; path = ViewController.swift; sourceTree = "<group>"; };
		1FC61A6D2A2C796D00FBDEC3 /* Base */ = {isa = PBXFileReference; lastKnownFileType = file.storyboard; name = Base; path = Base.lproj/Main.storyboard; sourceTree = "<group>"; };
		1FC61A702A2C796D00FBDEC3 /* ShopifyUser.xcdatamodel */ = {isa = PBXFileReference; lastKnownFileType = wrapper.xcdatamodel; path = ShopifyUser.xcdatamodel; sourceTree = "<group>"; };
		1FC61A722A2C796E00FBDEC3 /* Assets.xcassets */ = {isa = PBXFileReference; lastKnownFileType = folder.assetcatalog; path = Assets.xcassets; sourceTree = "<group>"; };
		1FC61A752A2C796E00FBDEC3 /* Base */ = {isa = PBXFileReference; lastKnownFileType = file.storyboard; name = Base; path = Base.lproj/LaunchScreen.storyboard; sourceTree = "<group>"; };
		1FC61A772A2C796E00FBDEC3 /* Info.plist */ = {isa = PBXFileReference; lastKnownFileType = text.plist.xml; path = Info.plist; sourceTree = "<group>"; };
		1FC61A7C2A2C796E00FBDEC3 /* ShopifyUserTests.xctest */ = {isa = PBXFileReference; explicitFileType = wrapper.cfbundle; includeInIndex = 0; path = ShopifyUserTests.xctest; sourceTree = BUILT_PRODUCTS_DIR; };
		1FC61A802A2C796E00FBDEC3 /* ShopifyUserTests.swift */ = {isa = PBXFileReference; lastKnownFileType = sourcecode.swift; path = ShopifyUserTests.swift; sourceTree = "<group>"; };
		1FC61A862A2C796E00FBDEC3 /* ShopifyUserUITests.xctest */ = {isa = PBXFileReference; explicitFileType = wrapper.cfbundle; includeInIndex = 0; path = ShopifyUserUITests.xctest; sourceTree = BUILT_PRODUCTS_DIR; };
		1FC61A8A2A2C796E00FBDEC3 /* ShopifyUserUITests.swift */ = {isa = PBXFileReference; lastKnownFileType = sourcecode.swift; path = ShopifyUserUITests.swift; sourceTree = "<group>"; };
		1FC61A8C2A2C796E00FBDEC3 /* ShopifyUserUITestsLaunchTests.swift */ = {isa = PBXFileReference; lastKnownFileType = sourcecode.swift; path = ShopifyUserUITestsLaunchTests.swift; sourceTree = "<group>"; };
		1FC744AF563795B1D1B91E3F /* Pods-ShopifyUserTests.debug.xcconfig */ = {isa = PBXFileReference; includeInIndex = 1; lastKnownFileType = text.xcconfig; name = "Pods-ShopifyUserTests.debug.xcconfig"; path = "Target Support Files/Pods-ShopifyUserTests/Pods-ShopifyUserTests.debug.xcconfig"; sourceTree = "<group>"; };
		237F6F29E56685AE6326105A /* Pods_ShopifyUserTests.framework */ = {isa = PBXFileReference; explicitFileType = wrapper.framework; includeInIndex = 0; path = Pods_ShopifyUserTests.framework; sourceTree = BUILT_PRODUCTS_DIR; };
		4A7344D159A6B07E13D9545B /* Pods_ShopifyUser.framework */ = {isa = PBXFileReference; explicitFileType = wrapper.framework; includeInIndex = 0; path = Pods_ShopifyUser.framework; sourceTree = BUILT_PRODUCTS_DIR; };
		4B172FCC19C9BC0D74E9B4EE /* Pods-ShopifyUserTests.release.xcconfig */ = {isa = PBXFileReference; includeInIndex = 1; lastKnownFileType = text.xcconfig; name = "Pods-ShopifyUserTests.release.xcconfig"; path = "Target Support Files/Pods-ShopifyUserTests/Pods-ShopifyUserTests.release.xcconfig"; sourceTree = "<group>"; };
		920203DB8C474755A9D78186 /* Pods_ShopifyUser_ShopifyUserUITests.framework */ = {isa = PBXFileReference; explicitFileType = wrapper.framework; includeInIndex = 0; path = Pods_ShopifyUser_ShopifyUserUITests.framework; sourceTree = BUILT_PRODUCTS_DIR; };
		A2847943E5465EB6AA1C8AF8 /* Pods-ShopifyUser-ShopifyUserUITests.debug.xcconfig */ = {isa = PBXFileReference; includeInIndex = 1; lastKnownFileType = text.xcconfig; name = "Pods-ShopifyUser-ShopifyUserUITests.debug.xcconfig"; path = "Target Support Files/Pods-ShopifyUser-ShopifyUserUITests/Pods-ShopifyUser-ShopifyUserUITests.debug.xcconfig"; sourceTree = "<group>"; };
		B78A1069C2882954A3B6BB45 /* Pods-ShopifyUser.debug.xcconfig */ = {isa = PBXFileReference; includeInIndex = 1; lastKnownFileType = text.xcconfig; name = "Pods-ShopifyUser.debug.xcconfig"; path = "Target Support Files/Pods-ShopifyUser/Pods-ShopifyUser.debug.xcconfig"; sourceTree = "<group>"; };
		D9493D22E9F106DC76C7EE76 /* Pods-ShopifyUser.release.xcconfig */ = {isa = PBXFileReference; includeInIndex = 1; lastKnownFileType = text.xcconfig; name = "Pods-ShopifyUser.release.xcconfig"; path = "Target Support Files/Pods-ShopifyUser/Pods-ShopifyUser.release.xcconfig"; sourceTree = "<group>"; };
/* End PBXFileReference section */

/* Begin PBXFrameworksBuildPhase section */
		1FC61A602A2C796D00FBDEC3 /* Frameworks */ = {
			isa = PBXFrameworksBuildPhase;
			buildActionMask = 2147483647;
			files = (
				1CF566EF25A2B6E4CD8B3951 /* Pods_ShopifyUser.framework in Frameworks */,
			);
			runOnlyForDeploymentPostprocessing = 0;
		};
		1FC61A792A2C796E00FBDEC3 /* Frameworks */ = {
			isa = PBXFrameworksBuildPhase;
			buildActionMask = 2147483647;
			files = (
				737FD256EDEA4ACAC3252F92 /* Pods_ShopifyUserTests.framework in Frameworks */,
			);
			runOnlyForDeploymentPostprocessing = 0;
		};
		1FC61A832A2C796E00FBDEC3 /* Frameworks */ = {
			isa = PBXFrameworksBuildPhase;
			buildActionMask = 2147483647;
			files = (
				7AF1AA24089E57D371BCB70D /* Pods_ShopifyUser_ShopifyUserUITests.framework in Frameworks */,
			);
			runOnlyForDeploymentPostprocessing = 0;
		};
/* End PBXFrameworksBuildPhase section */

/* Begin PBXGroup section */
		041B74F12A325473004BD189 /* Auth */ = {
			isa = PBXGroup;
			children = (
				1F91EF562A2C7ED100E897A3 /* Network */,
				041B74F42A325490004BD189 /* View */,
				041B74F32A325483004BD189 /* ViewModel */,
				041B74F22A32547A004BD189 /* Model */,
			);
			path = Auth;
			sourceTree = "<group>";
		};
		041B74F22A32547A004BD189 /* Model */ = {
			isa = PBXGroup;
			children = (
				041B75062A32596A004BD189 /* CustomerModel.swift */,
			);
			path = Model;
			sourceTree = "<group>";
		};
		041B74F32A325483004BD189 /* ViewModel */ = {
			isa = PBXGroup;
			children = (
				041B74F62A3254A1004BD189 /* Register */,
				041B74F52A32549A004BD189 /* Login */,
			);
			path = ViewModel;
			sourceTree = "<group>";
		};
		041B74F42A325490004BD189 /* View */ = {
			isa = PBXGroup;
			children = (
				041B74FB2A3257E2004BD189 /* Welcome */,
				041B74F82A3254B3004BD189 /* Register */,
				041B74F72A3254AD004BD189 /* Login */,
				041B74F92A3256CC004BD189 /* Auth.storyboard */,
				043A92C72A335E41008862E5 /* Hh.swift */,
			);
			path = View;
			sourceTree = "<group>";
		};
		041B74F52A32549A004BD189 /* Login */ = {
			isa = PBXGroup;
			children = (
				041B75042A325942004BD189 /* LoginViewModel.swift */,
			);
			path = Login;
			sourceTree = "<group>";
		};
		041B74F62A3254A1004BD189 /* Register */ = {
			isa = PBXGroup;
			children = (
				041B75022A32592B004BD189 /* RegisterViewModel.swift */,
			);
			path = Register;
			sourceTree = "<group>";
		};
		041B74F72A3254AD004BD189 /* Login */ = {
			isa = PBXGroup;
			children = (
				041B75002A3258E6004BD189 /* LoginVC.swift */,
			);
			path = Login;
			sourceTree = "<group>";
		};
		041B74F82A3254B3004BD189 /* Register */ = {
			isa = PBXGroup;
			children = (
				041B74FE2A32589E004BD189 /* RegisterVC.swift */,
			);
			path = Register;
			sourceTree = "<group>";
		};
		041B74FB2A3257E2004BD189 /* Welcome */ = {
			isa = PBXGroup;
			children = (
				041B74FC2A325877004BD189 /* WelcomeVC.swift */,
			);
			path = Welcome;
			sourceTree = "<group>";
		};
		043E131E2A33A667002DA2A6 /* Utlits */ = {
			isa = PBXGroup;
			children = (
				043E131F2A33A68F002DA2A6 /* Utilits.swift */,
			);
			path = Utlits;
			sourceTree = "<group>";
		};
		04AB81E22A3376DD0023EC24 /* ProductInfo */ = {
			isa = PBXGroup;
			children = (
				04AB81E52A3376F80023EC24 /* Model */,
				04AB81E42A3376EF0023EC24 /* ViewModel */,
				04AB81E32A3376E90023EC24 /* View */,
			);
			path = ProductInfo;
			sourceTree = "<group>";
		};
		04AB81E32A3376E90023EC24 /* View */ = {
			isa = PBXGroup;
			children = (
				04AB81E62A3377200023EC24 /* ProductInfoVC.swift */,
				04AB81E92A33773F0023EC24 /* ProductInfo.storyboard */,
			);
			path = View;
			sourceTree = "<group>";
		};
		04AB81E42A3376EF0023EC24 /* ViewModel */ = {
			isa = PBXGroup;
			children = (
			);
			path = ViewModel;
			sourceTree = "<group>";
		};
		04AB81E52A3376F80023EC24 /* Model */ = {
			isa = PBXGroup;
			children = (
				04AB81EB2A337A5A0023EC24 /* ProductInfoModel.swift */,
			);
			path = Model;
			sourceTree = "<group>";
		};
		0B4ADD700C5BB94D11B6E839 /* Frameworks */ = {
			isa = PBXGroup;
			children = (
				4A7344D159A6B07E13D9545B /* Pods_ShopifyUser.framework */,
				920203DB8C474755A9D78186 /* Pods_ShopifyUser_ShopifyUserUITests.framework */,
				237F6F29E56685AE6326105A /* Pods_ShopifyUserTests.framework */,
			);
			name = Frameworks;
			sourceTree = "<group>";
		};
		1F91EF512A2C7E7B00E897A3 /* Modules */ = {
			isa = PBXGroup;
			children = (
				04AB81E22A3376DD0023EC24 /* ProductInfo */,
				041B74F12A325473004BD189 /* Auth */,
			);
			path = Modules;
			sourceTree = "<group>";
		};
		1F91EF532A2C7E8D00E897A3 /* Services */ = {
			isa = PBXGroup;
			children = (
				1F91EF552A2C7EC200E897A3 /* Database */,
			);
			path = Services;
			sourceTree = "<group>";
		};
		1F91EF552A2C7EC200E897A3 /* Database */ = {
			isa = PBXGroup;
			children = (
				1F91EF652A2C815000E897A3 /* DatabaseProtocol.swift */,
				1F91EF682A2C820500E897A3 /* Database.swift */,
			);
			path = Database;
			sourceTree = "<group>";
		};
		1F91EF562A2C7ED100E897A3 /* Network */ = {
			isa = PBXGroup;
			children = (
				1F91EF612A2C811400E897A3 /* NetworkProtocol.swift */,
				1F91EF632A2C812500E897A3 /* Network.swift */,
			);
			path = Network;
			sourceTree = "<group>";
		};
		1FC61A5A2A2C796D00FBDEC3 = {
			isa = PBXGroup;
			children = (
				1FC61A652A2C796D00FBDEC3 /* ShopifyUser */,
				1FC61A7F2A2C796E00FBDEC3 /* ShopifyUserTests */,
				1FC61A892A2C796E00FBDEC3 /* ShopifyUserUITests */,
				1FC61A642A2C796D00FBDEC3 /* Products */,
				AB0E73E5FB4AC02E2A51ADE7 /* Pods */,
				0B4ADD700C5BB94D11B6E839 /* Frameworks */,
			);
			sourceTree = "<group>";
		};
		1FC61A642A2C796D00FBDEC3 /* Products */ = {
			isa = PBXGroup;
			children = (
				1FC61A632A2C796D00FBDEC3 /* ShopifyUser.app */,
				1FC61A7C2A2C796E00FBDEC3 /* ShopifyUserTests.xctest */,
				1FC61A862A2C796E00FBDEC3 /* ShopifyUserUITests.xctest */,
			);
			name = Products;
			sourceTree = "<group>";
		};
		1FC61A652A2C796D00FBDEC3 /* ShopifyUser */ = {
			isa = PBXGroup;
			children = (
				043E131E2A33A667002DA2A6 /* Utlits */,
				1F91EF532A2C7E8D00E897A3 /* Services */,
				1F91EF512A2C7E7B00E897A3 /* Modules */,
				1FC61A662A2C796D00FBDEC3 /* AppDelegate.swift */,
				1FC61A682A2C796D00FBDEC3 /* SceneDelegate.swift */,
				1FC61A6A2A2C796D00FBDEC3 /* ViewController.swift */,
				1FC61A6C2A2C796D00FBDEC3 /* Main.storyboard */,
				1FC61A722A2C796E00FBDEC3 /* Assets.xcassets */,
				1FC61A742A2C796E00FBDEC3 /* LaunchScreen.storyboard */,
				1FC61A772A2C796E00FBDEC3 /* Info.plist */,
				1FC61A6F2A2C796D00FBDEC3 /* ShopifyUser.xcdatamodeld */,
			);
			path = ShopifyUser;
			sourceTree = "<group>";
		};
		1FC61A7F2A2C796E00FBDEC3 /* ShopifyUserTests */ = {
			isa = PBXGroup;
			children = (
				1FC61A802A2C796E00FBDEC3 /* ShopifyUserTests.swift */,
			);
			path = ShopifyUserTests;
			sourceTree = "<group>";
		};
		1FC61A892A2C796E00FBDEC3 /* ShopifyUserUITests */ = {
			isa = PBXGroup;
			children = (
				1FC61A8A2A2C796E00FBDEC3 /* ShopifyUserUITests.swift */,
				1FC61A8C2A2C796E00FBDEC3 /* ShopifyUserUITestsLaunchTests.swift */,
			);
			path = ShopifyUserUITests;
			sourceTree = "<group>";
		};
		AB0E73E5FB4AC02E2A51ADE7 /* Pods */ = {
			isa = PBXGroup;
			children = (
				B78A1069C2882954A3B6BB45 /* Pods-ShopifyUser.debug.xcconfig */,
				D9493D22E9F106DC76C7EE76 /* Pods-ShopifyUser.release.xcconfig */,
				A2847943E5465EB6AA1C8AF8 /* Pods-ShopifyUser-ShopifyUserUITests.debug.xcconfig */,
				15D6B23A93834029A917ABC1 /* Pods-ShopifyUser-ShopifyUserUITests.release.xcconfig */,
				1FC744AF563795B1D1B91E3F /* Pods-ShopifyUserTests.debug.xcconfig */,
				4B172FCC19C9BC0D74E9B4EE /* Pods-ShopifyUserTests.release.xcconfig */,
			);
			path = Pods;
			sourceTree = "<group>";
		};
/* End PBXGroup section */

/* Begin PBXNativeTarget section */
		1FC61A622A2C796D00FBDEC3 /* ShopifyUser */ = {
			isa = PBXNativeTarget;
			buildConfigurationList = 1FC61A902A2C796E00FBDEC3 /* Build configuration list for PBXNativeTarget "ShopifyUser" */;
			buildPhases = (
				84994358952227F49B3627A1 /* [CP] Check Pods Manifest.lock */,
				1FC61A5F2A2C796D00FBDEC3 /* Sources */,
				1FC61A602A2C796D00FBDEC3 /* Frameworks */,
				1FC61A612A2C796D00FBDEC3 /* Resources */,
				E2DC496051A70A308307BA3A /* [CP] Embed Pods Frameworks */,
			);
			buildRules = (
			);
			dependencies = (
			);
			name = ShopifyUser;
			productName = ShopifyUser;
			productReference = 1FC61A632A2C796D00FBDEC3 /* ShopifyUser.app */;
			productType = "com.apple.product-type.application";
		};
		1FC61A7B2A2C796E00FBDEC3 /* ShopifyUserTests */ = {
			isa = PBXNativeTarget;
			buildConfigurationList = 1FC61A932A2C796E00FBDEC3 /* Build configuration list for PBXNativeTarget "ShopifyUserTests" */;
			buildPhases = (
				6AC8D37407C659E08B3A59BB /* [CP] Check Pods Manifest.lock */,
				1FC61A782A2C796E00FBDEC3 /* Sources */,
				1FC61A792A2C796E00FBDEC3 /* Frameworks */,
				1FC61A7A2A2C796E00FBDEC3 /* Resources */,
			);
			buildRules = (
			);
			dependencies = (
				1FC61A7E2A2C796E00FBDEC3 /* PBXTargetDependency */,
			);
			name = ShopifyUserTests;
			productName = ShopifyUserTests;
			productReference = 1FC61A7C2A2C796E00FBDEC3 /* ShopifyUserTests.xctest */;
			productType = "com.apple.product-type.bundle.unit-test";
		};
		1FC61A852A2C796E00FBDEC3 /* ShopifyUserUITests */ = {
			isa = PBXNativeTarget;
			buildConfigurationList = 1FC61A962A2C796E00FBDEC3 /* Build configuration list for PBXNativeTarget "ShopifyUserUITests" */;
			buildPhases = (
				CE7CCB41D3E9A6ACD8846A8A /* [CP] Check Pods Manifest.lock */,
				1FC61A822A2C796E00FBDEC3 /* Sources */,
				1FC61A832A2C796E00FBDEC3 /* Frameworks */,
				1FC61A842A2C796E00FBDEC3 /* Resources */,
				A7432672744B2D0E3B836DD1 /* [CP] Embed Pods Frameworks */,
			);
			buildRules = (
			);
			dependencies = (
				1FC61A882A2C796E00FBDEC3 /* PBXTargetDependency */,
			);
			name = ShopifyUserUITests;
			productName = ShopifyUserUITests;
			productReference = 1FC61A862A2C796E00FBDEC3 /* ShopifyUserUITests.xctest */;
			productType = "com.apple.product-type.bundle.ui-testing";
		};
/* End PBXNativeTarget section */

/* Begin PBXProject section */
		1FC61A5B2A2C796D00FBDEC3 /* Project object */ = {
			isa = PBXProject;
			attributes = {
				BuildIndependentTargetsInParallel = 1;
				LastSwiftUpdateCheck = 1430;
				LastUpgradeCheck = 1430;
				TargetAttributes = {
					1FC61A622A2C796D00FBDEC3 = {
						CreatedOnToolsVersion = 14.3;
					};
					1FC61A7B2A2C796E00FBDEC3 = {
						CreatedOnToolsVersion = 14.3;
						TestTargetID = 1FC61A622A2C796D00FBDEC3;
					};
					1FC61A852A2C796E00FBDEC3 = {
						CreatedOnToolsVersion = 14.3;
						TestTargetID = 1FC61A622A2C796D00FBDEC3;
					};
				};
			};
			buildConfigurationList = 1FC61A5E2A2C796D00FBDEC3 /* Build configuration list for PBXProject "ShopifyUser" */;
			compatibilityVersion = "Xcode 14.0";
			developmentRegion = en;
			hasScannedForEncodings = 0;
			knownRegions = (
				en,
				Base,
			);
			mainGroup = 1FC61A5A2A2C796D00FBDEC3;
			productRefGroup = 1FC61A642A2C796D00FBDEC3 /* Products */;
			projectDirPath = "";
			projectRoot = "";
			targets = (
				1FC61A622A2C796D00FBDEC3 /* ShopifyUser */,
				1FC61A7B2A2C796E00FBDEC3 /* ShopifyUserTests */,
				1FC61A852A2C796E00FBDEC3 /* ShopifyUserUITests */,
			);
		};
/* End PBXProject section */

/* Begin PBXResourcesBuildPhase section */
		1FC61A612A2C796D00FBDEC3 /* Resources */ = {
			isa = PBXResourcesBuildPhase;
			buildActionMask = 2147483647;
			files = (
				04AB81EA2A33773F0023EC24 /* ProductInfo.storyboard in Resources */,
				041B74FA2A3256CC004BD189 /* Auth.storyboard in Resources */,
				1FC61A762A2C796E00FBDEC3 /* LaunchScreen.storyboard in Resources */,
				1FC61A732A2C796E00FBDEC3 /* Assets.xcassets in Resources */,
				1FC61A6E2A2C796D00FBDEC3 /* Main.storyboard in Resources */,
			);
			runOnlyForDeploymentPostprocessing = 0;
		};
		1FC61A7A2A2C796E00FBDEC3 /* Resources */ = {
			isa = PBXResourcesBuildPhase;
			buildActionMask = 2147483647;
			files = (
			);
			runOnlyForDeploymentPostprocessing = 0;
		};
		1FC61A842A2C796E00FBDEC3 /* Resources */ = {
			isa = PBXResourcesBuildPhase;
			buildActionMask = 2147483647;
			files = (
			);
			runOnlyForDeploymentPostprocessing = 0;
		};
/* End PBXResourcesBuildPhase section */

/* Begin PBXShellScriptBuildPhase section */
		6AC8D37407C659E08B3A59BB /* [CP] Check Pods Manifest.lock */ = {
			isa = PBXShellScriptBuildPhase;
			buildActionMask = 2147483647;
			files = (
			);
			inputFileListPaths = (
			);
			inputPaths = (
				"${PODS_PODFILE_DIR_PATH}/Podfile.lock",
				"${PODS_ROOT}/Manifest.lock",
			);
			name = "[CP] Check Pods Manifest.lock";
			outputFileListPaths = (
			);
			outputPaths = (
				"$(DERIVED_FILE_DIR)/Pods-ShopifyUserTests-checkManifestLockResult.txt",
			);
			runOnlyForDeploymentPostprocessing = 0;
			shellPath = /bin/sh;
			shellScript = "diff \"${PODS_PODFILE_DIR_PATH}/Podfile.lock\" \"${PODS_ROOT}/Manifest.lock\" > /dev/null\nif [ $? != 0 ] ; then\n    # print error to STDERR\n    echo \"error: The sandbox is not in sync with the Podfile.lock. Run 'pod install' or update your CocoaPods installation.\" >&2\n    exit 1\nfi\n# This output is used by Xcode 'outputs' to avoid re-running this script phase.\necho \"SUCCESS\" > \"${SCRIPT_OUTPUT_FILE_0}\"\n";
			showEnvVarsInLog = 0;
		};
		84994358952227F49B3627A1 /* [CP] Check Pods Manifest.lock */ = {
			isa = PBXShellScriptBuildPhase;
			buildActionMask = 2147483647;
			files = (
			);
			inputFileListPaths = (
			);
			inputPaths = (
				"${PODS_PODFILE_DIR_PATH}/Podfile.lock",
				"${PODS_ROOT}/Manifest.lock",
			);
			name = "[CP] Check Pods Manifest.lock";
			outputFileListPaths = (
			);
			outputPaths = (
				"$(DERIVED_FILE_DIR)/Pods-ShopifyUser-checkManifestLockResult.txt",
			);
			runOnlyForDeploymentPostprocessing = 0;
			shellPath = /bin/sh;
			shellScript = "diff \"${PODS_PODFILE_DIR_PATH}/Podfile.lock\" \"${PODS_ROOT}/Manifest.lock\" > /dev/null\nif [ $? != 0 ] ; then\n    # print error to STDERR\n    echo \"error: The sandbox is not in sync with the Podfile.lock. Run 'pod install' or update your CocoaPods installation.\" >&2\n    exit 1\nfi\n# This output is used by Xcode 'outputs' to avoid re-running this script phase.\necho \"SUCCESS\" > \"${SCRIPT_OUTPUT_FILE_0}\"\n";
			showEnvVarsInLog = 0;
		};
		A7432672744B2D0E3B836DD1 /* [CP] Embed Pods Frameworks */ = {
			isa = PBXShellScriptBuildPhase;
			buildActionMask = 2147483647;
			files = (
			);
			inputFileListPaths = (
				"${PODS_ROOT}/Target Support Files/Pods-ShopifyUser-ShopifyUserUITests/Pods-ShopifyUser-ShopifyUserUITests-frameworks-${CONFIGURATION}-input-files.xcfilelist",
			);
			name = "[CP] Embed Pods Frameworks";
			outputFileListPaths = (
				"${PODS_ROOT}/Target Support Files/Pods-ShopifyUser-ShopifyUserUITests/Pods-ShopifyUser-ShopifyUserUITests-frameworks-${CONFIGURATION}-output-files.xcfilelist",
			);
			runOnlyForDeploymentPostprocessing = 0;
			shellPath = /bin/sh;
			shellScript = "\"${PODS_ROOT}/Target Support Files/Pods-ShopifyUser-ShopifyUserUITests/Pods-ShopifyUser-ShopifyUserUITests-frameworks.sh\"\n";
			showEnvVarsInLog = 0;
		};
		CE7CCB41D3E9A6ACD8846A8A /* [CP] Check Pods Manifest.lock */ = {
			isa = PBXShellScriptBuildPhase;
			buildActionMask = 2147483647;
			files = (
			);
			inputFileListPaths = (
			);
			inputPaths = (
				"${PODS_PODFILE_DIR_PATH}/Podfile.lock",
				"${PODS_ROOT}/Manifest.lock",
			);
			name = "[CP] Check Pods Manifest.lock";
			outputFileListPaths = (
			);
			outputPaths = (
				"$(DERIVED_FILE_DIR)/Pods-ShopifyUser-ShopifyUserUITests-checkManifestLockResult.txt",
			);
			runOnlyForDeploymentPostprocessing = 0;
			shellPath = /bin/sh;
			shellScript = "diff \"${PODS_PODFILE_DIR_PATH}/Podfile.lock\" \"${PODS_ROOT}/Manifest.lock\" > /dev/null\nif [ $? != 0 ] ; then\n    # print error to STDERR\n    echo \"error: The sandbox is not in sync with the Podfile.lock. Run 'pod install' or update your CocoaPods installation.\" >&2\n    exit 1\nfi\n# This output is used by Xcode 'outputs' to avoid re-running this script phase.\necho \"SUCCESS\" > \"${SCRIPT_OUTPUT_FILE_0}\"\n";
			showEnvVarsInLog = 0;
		};
		E2DC496051A70A308307BA3A /* [CP] Embed Pods Frameworks */ = {
			isa = PBXShellScriptBuildPhase;
			buildActionMask = 2147483647;
			files = (
			);
			inputFileListPaths = (
				"${PODS_ROOT}/Target Support Files/Pods-ShopifyUser/Pods-ShopifyUser-frameworks-${CONFIGURATION}-input-files.xcfilelist",
			);
			name = "[CP] Embed Pods Frameworks";
			outputFileListPaths = (
				"${PODS_ROOT}/Target Support Files/Pods-ShopifyUser/Pods-ShopifyUser-frameworks-${CONFIGURATION}-output-files.xcfilelist",
			);
			runOnlyForDeploymentPostprocessing = 0;
			shellPath = /bin/sh;
			shellScript = "\"${PODS_ROOT}/Target Support Files/Pods-ShopifyUser/Pods-ShopifyUser-frameworks.sh\"\n";
			showEnvVarsInLog = 0;
		};
/* End PBXShellScriptBuildPhase section */

/* Begin PBXSourcesBuildPhase section */
		1FC61A5F2A2C796D00FBDEC3 /* Sources */ = {
			isa = PBXSourcesBuildPhase;
			buildActionMask = 2147483647;
			files = (
				1FC61A6B2A2C796D00FBDEC3 /* ViewController.swift in Sources */,
				041B75072A32596A004BD189 /* CustomerModel.swift in Sources */,
				043E13202A33A68F002DA2A6 /* Utilits.swift in Sources */,
				1F91EF692A2C820500E897A3 /* Database.swift in Sources */,
				1F91EF662A2C815000E897A3 /* DatabaseProtocol.swift in Sources */,
				04AB81E72A3377200023EC24 /* ProductInfoVC.swift in Sources */,
				1FC61A712A2C796D00FBDEC3 /* ShopifyUser.xcdatamodeld in Sources */,
				1F91EF642A2C812500E897A3 /* Network.swift in Sources */,
				1F91EF622A2C811400E897A3 /* NetworkProtocol.swift in Sources */,
				041B75052A325942004BD189 /* LoginViewModel.swift in Sources */,
				1FC61A672A2C796D00FBDEC3 /* AppDelegate.swift in Sources */,
				043A92C82A335E41008862E5 /* Hh.swift in Sources */,
				041B75032A32592B004BD189 /* RegisterViewModel.swift in Sources */,
				04AB81EC2A337A5A0023EC24 /* ProductInfoModel.swift in Sources */,
				041B75012A3258E6004BD189 /* LoginVC.swift in Sources */,
				041B74FF2A32589E004BD189 /* RegisterVC.swift in Sources */,
				041B74FD2A325877004BD189 /* WelcomeVC.swift in Sources */,
				1FC61A692A2C796D00FBDEC3 /* SceneDelegate.swift in Sources */,
			);
			runOnlyForDeploymentPostprocessing = 0;
		};
		1FC61A782A2C796E00FBDEC3 /* Sources */ = {
			isa = PBXSourcesBuildPhase;
			buildActionMask = 2147483647;
			files = (
				1FC61A812A2C796E00FBDEC3 /* ShopifyUserTests.swift in Sources */,
			);
			runOnlyForDeploymentPostprocessing = 0;
		};
		1FC61A822A2C796E00FBDEC3 /* Sources */ = {
			isa = PBXSourcesBuildPhase;
			buildActionMask = 2147483647;
			files = (
				1FC61A8D2A2C796E00FBDEC3 /* ShopifyUserUITestsLaunchTests.swift in Sources */,
				1FC61A8B2A2C796E00FBDEC3 /* ShopifyUserUITests.swift in Sources */,
			);
			runOnlyForDeploymentPostprocessing = 0;
		};
/* End PBXSourcesBuildPhase section */

/* Begin PBXTargetDependency section */
		1FC61A7E2A2C796E00FBDEC3 /* PBXTargetDependency */ = {
			isa = PBXTargetDependency;
			target = 1FC61A622A2C796D00FBDEC3 /* ShopifyUser */;
			targetProxy = 1FC61A7D2A2C796E00FBDEC3 /* PBXContainerItemProxy */;
		};
		1FC61A882A2C796E00FBDEC3 /* PBXTargetDependency */ = {
			isa = PBXTargetDependency;
			target = 1FC61A622A2C796D00FBDEC3 /* ShopifyUser */;
			targetProxy = 1FC61A872A2C796E00FBDEC3 /* PBXContainerItemProxy */;
		};
/* End PBXTargetDependency section */

/* Begin PBXVariantGroup section */
		1FC61A6C2A2C796D00FBDEC3 /* Main.storyboard */ = {
			isa = PBXVariantGroup;
			children = (
				1FC61A6D2A2C796D00FBDEC3 /* Base */,
			);
			name = Main.storyboard;
			sourceTree = "<group>";
		};
		1FC61A742A2C796E00FBDEC3 /* LaunchScreen.storyboard */ = {
			isa = PBXVariantGroup;
			children = (
				1FC61A752A2C796E00FBDEC3 /* Base */,
			);
			name = LaunchScreen.storyboard;
			sourceTree = "<group>";
		};
/* End PBXVariantGroup section */

/* Begin XCBuildConfiguration section */
		1FC61A8E2A2C796E00FBDEC3 /* Debug */ = {
			isa = XCBuildConfiguration;
			buildSettings = {
				ALWAYS_SEARCH_USER_PATHS = NO;
				CLANG_ANALYZER_NONNULL = YES;
				CLANG_ANALYZER_NUMBER_OBJECT_CONVERSION = YES_AGGRESSIVE;
				CLANG_CXX_LANGUAGE_STANDARD = "gnu++20";
				CLANG_ENABLE_MODULES = YES;
				CLANG_ENABLE_OBJC_ARC = YES;
				CLANG_ENABLE_OBJC_WEAK = YES;
				CLANG_WARN_BLOCK_CAPTURE_AUTORELEASING = YES;
				CLANG_WARN_BOOL_CONVERSION = YES;
				CLANG_WARN_COMMA = YES;
				CLANG_WARN_CONSTANT_CONVERSION = YES;
				CLANG_WARN_DEPRECATED_OBJC_IMPLEMENTATIONS = YES;
				CLANG_WARN_DIRECT_OBJC_ISA_USAGE = YES_ERROR;
				CLANG_WARN_DOCUMENTATION_COMMENTS = YES;
				CLANG_WARN_EMPTY_BODY = YES;
				CLANG_WARN_ENUM_CONVERSION = YES;
				CLANG_WARN_INFINITE_RECURSION = YES;
				CLANG_WARN_INT_CONVERSION = YES;
				CLANG_WARN_NON_LITERAL_NULL_CONVERSION = YES;
				CLANG_WARN_OBJC_IMPLICIT_RETAIN_SELF = YES;
				CLANG_WARN_OBJC_LITERAL_CONVERSION = YES;
				CLANG_WARN_OBJC_ROOT_CLASS = YES_ERROR;
				CLANG_WARN_QUOTED_INCLUDE_IN_FRAMEWORK_HEADER = YES;
				CLANG_WARN_RANGE_LOOP_ANALYSIS = YES;
				CLANG_WARN_STRICT_PROTOTYPES = YES;
				CLANG_WARN_SUSPICIOUS_MOVE = YES;
				CLANG_WARN_UNGUARDED_AVAILABILITY = YES_AGGRESSIVE;
				CLANG_WARN_UNREACHABLE_CODE = YES;
				CLANG_WARN__DUPLICATE_METHOD_MATCH = YES;
				COPY_PHASE_STRIP = NO;
				DEBUG_INFORMATION_FORMAT = dwarf;
				ENABLE_STRICT_OBJC_MSGSEND = YES;
				ENABLE_TESTABILITY = YES;
				GCC_C_LANGUAGE_STANDARD = gnu11;
				GCC_DYNAMIC_NO_PIC = NO;
				GCC_NO_COMMON_BLOCKS = YES;
				GCC_OPTIMIZATION_LEVEL = 0;
				GCC_PREPROCESSOR_DEFINITIONS = (
					"DEBUG=1",
					"$(inherited)",
				);
				GCC_WARN_64_TO_32_BIT_CONVERSION = YES;
				GCC_WARN_ABOUT_RETURN_TYPE = YES_ERROR;
				GCC_WARN_UNDECLARED_SELECTOR = YES;
				GCC_WARN_UNINITIALIZED_AUTOS = YES_AGGRESSIVE;
				GCC_WARN_UNUSED_FUNCTION = YES;
				GCC_WARN_UNUSED_VARIABLE = YES;
				IPHONEOS_DEPLOYMENT_TARGET = 16.4;
				MTL_ENABLE_DEBUG_INFO = INCLUDE_SOURCE;
				MTL_FAST_MATH = YES;
				ONLY_ACTIVE_ARCH = YES;
				SDKROOT = iphoneos;
				SWIFT_ACTIVE_COMPILATION_CONDITIONS = DEBUG;
				SWIFT_OPTIMIZATION_LEVEL = "-Onone";
			};
			name = Debug;
		};
		1FC61A8F2A2C796E00FBDEC3 /* Release */ = {
			isa = XCBuildConfiguration;
			buildSettings = {
				ALWAYS_SEARCH_USER_PATHS = NO;
				CLANG_ANALYZER_NONNULL = YES;
				CLANG_ANALYZER_NUMBER_OBJECT_CONVERSION = YES_AGGRESSIVE;
				CLANG_CXX_LANGUAGE_STANDARD = "gnu++20";
				CLANG_ENABLE_MODULES = YES;
				CLANG_ENABLE_OBJC_ARC = YES;
				CLANG_ENABLE_OBJC_WEAK = YES;
				CLANG_WARN_BLOCK_CAPTURE_AUTORELEASING = YES;
				CLANG_WARN_BOOL_CONVERSION = YES;
				CLANG_WARN_COMMA = YES;
				CLANG_WARN_CONSTANT_CONVERSION = YES;
				CLANG_WARN_DEPRECATED_OBJC_IMPLEMENTATIONS = YES;
				CLANG_WARN_DIRECT_OBJC_ISA_USAGE = YES_ERROR;
				CLANG_WARN_DOCUMENTATION_COMMENTS = YES;
				CLANG_WARN_EMPTY_BODY = YES;
				CLANG_WARN_ENUM_CONVERSION = YES;
				CLANG_WARN_INFINITE_RECURSION = YES;
				CLANG_WARN_INT_CONVERSION = YES;
				CLANG_WARN_NON_LITERAL_NULL_CONVERSION = YES;
				CLANG_WARN_OBJC_IMPLICIT_RETAIN_SELF = YES;
				CLANG_WARN_OBJC_LITERAL_CONVERSION = YES;
				CLANG_WARN_OBJC_ROOT_CLASS = YES_ERROR;
				CLANG_WARN_QUOTED_INCLUDE_IN_FRAMEWORK_HEADER = YES;
				CLANG_WARN_RANGE_LOOP_ANALYSIS = YES;
				CLANG_WARN_STRICT_PROTOTYPES = YES;
				CLANG_WARN_SUSPICIOUS_MOVE = YES;
				CLANG_WARN_UNGUARDED_AVAILABILITY = YES_AGGRESSIVE;
				CLANG_WARN_UNREACHABLE_CODE = YES;
				CLANG_WARN__DUPLICATE_METHOD_MATCH = YES;
				COPY_PHASE_STRIP = NO;
				DEBUG_INFORMATION_FORMAT = "dwarf-with-dsym";
				ENABLE_NS_ASSERTIONS = NO;
				ENABLE_STRICT_OBJC_MSGSEND = YES;
				GCC_C_LANGUAGE_STANDARD = gnu11;
				GCC_NO_COMMON_BLOCKS = YES;
				GCC_WARN_64_TO_32_BIT_CONVERSION = YES;
				GCC_WARN_ABOUT_RETURN_TYPE = YES_ERROR;
				GCC_WARN_UNDECLARED_SELECTOR = YES;
				GCC_WARN_UNINITIALIZED_AUTOS = YES_AGGRESSIVE;
				GCC_WARN_UNUSED_FUNCTION = YES;
				GCC_WARN_UNUSED_VARIABLE = YES;
				IPHONEOS_DEPLOYMENT_TARGET = 16.4;
				MTL_ENABLE_DEBUG_INFO = NO;
				MTL_FAST_MATH = YES;
				SDKROOT = iphoneos;
				SWIFT_COMPILATION_MODE = wholemodule;
				SWIFT_OPTIMIZATION_LEVEL = "-O";
				VALIDATE_PRODUCT = YES;
			};
			name = Release;
		};
		1FC61A912A2C796E00FBDEC3 /* Debug */ = {
			isa = XCBuildConfiguration;
			baseConfigurationReference = B78A1069C2882954A3B6BB45 /* Pods-ShopifyUser.debug.xcconfig */;
			buildSettings = {
				ASSETCATALOG_COMPILER_APPICON_NAME = AppIcon;
				ASSETCATALOG_COMPILER_GLOBAL_ACCENT_COLOR_NAME = AccentColor;
				CODE_SIGN_STYLE = Automatic;
				CURRENT_PROJECT_VERSION = 1;
				GENERATE_INFOPLIST_FILE = YES;
				INFOPLIST_FILE = ShopifyUser/Info.plist;
				INFOPLIST_KEY_UIApplicationSupportsIndirectInputEvents = YES;
				INFOPLIST_KEY_UILaunchStoryboardName = LaunchScreen;
				INFOPLIST_KEY_UIMainStoryboardFile = Main;
				INFOPLIST_KEY_UISupportedInterfaceOrientations_iPad = "UIInterfaceOrientationPortrait UIInterfaceOrientationPortraitUpsideDown UIInterfaceOrientationLandscapeLeft UIInterfaceOrientationLandscapeRight";
				INFOPLIST_KEY_UISupportedInterfaceOrientations_iPhone = "UIInterfaceOrientationPortrait UIInterfaceOrientationLandscapeLeft UIInterfaceOrientationLandscapeRight";
				IPHONEOS_DEPLOYMENT_TARGET = 16.1;
				LD_RUNPATH_SEARCH_PATHS = (
					"$(inherited)",
					"@executable_path/Frameworks",
				);
				MARKETING_VERSION = 1.0;
				PRODUCT_BUNDLE_IDENTIFIER = com.iti.ShopifyUser;
				PRODUCT_NAME = "$(TARGET_NAME)";
				SWIFT_EMIT_LOC_STRINGS = YES;
				SWIFT_VERSION = 5.0;
				TARGETED_DEVICE_FAMILY = "1,2";
			};
			name = Debug;
		};
		1FC61A922A2C796E00FBDEC3 /* Release */ = {
			isa = XCBuildConfiguration;
			baseConfigurationReference = D9493D22E9F106DC76C7EE76 /* Pods-ShopifyUser.release.xcconfig */;
			buildSettings = {
				ASSETCATALOG_COMPILER_APPICON_NAME = AppIcon;
				ASSETCATALOG_COMPILER_GLOBAL_ACCENT_COLOR_NAME = AccentColor;
				CODE_SIGN_STYLE = Automatic;
				CURRENT_PROJECT_VERSION = 1;
				GENERATE_INFOPLIST_FILE = YES;
				INFOPLIST_FILE = ShopifyUser/Info.plist;
				INFOPLIST_KEY_UIApplicationSupportsIndirectInputEvents = YES;
				INFOPLIST_KEY_UILaunchStoryboardName = LaunchScreen;
				INFOPLIST_KEY_UIMainStoryboardFile = Main;
				INFOPLIST_KEY_UISupportedInterfaceOrientations_iPad = "UIInterfaceOrientationPortrait UIInterfaceOrientationPortraitUpsideDown UIInterfaceOrientationLandscapeLeft UIInterfaceOrientationLandscapeRight";
				INFOPLIST_KEY_UISupportedInterfaceOrientations_iPhone = "UIInterfaceOrientationPortrait UIInterfaceOrientationLandscapeLeft UIInterfaceOrientationLandscapeRight";
				IPHONEOS_DEPLOYMENT_TARGET = 16.1;
				LD_RUNPATH_SEARCH_PATHS = (
					"$(inherited)",
					"@executable_path/Frameworks",
				);
				MARKETING_VERSION = 1.0;
				PRODUCT_BUNDLE_IDENTIFIER = com.iti.ShopifyUser;
				PRODUCT_NAME = "$(TARGET_NAME)";
				SWIFT_EMIT_LOC_STRINGS = YES;
				SWIFT_VERSION = 5.0;
				TARGETED_DEVICE_FAMILY = "1,2";
			};
			name = Release;
		};
		1FC61A942A2C796E00FBDEC3 /* Debug */ = {
			isa = XCBuildConfiguration;
			baseConfigurationReference = 1FC744AF563795B1D1B91E3F /* Pods-ShopifyUserTests.debug.xcconfig */;
			buildSettings = {
				ALWAYS_EMBED_SWIFT_STANDARD_LIBRARIES = YES;
				BUNDLE_LOADER = "$(TEST_HOST)";
				CODE_SIGN_STYLE = Automatic;
				CURRENT_PROJECT_VERSION = 1;
				GENERATE_INFOPLIST_FILE = YES;
				IPHONEOS_DEPLOYMENT_TARGET = 16.4;
				MARKETING_VERSION = 1.0;
				PRODUCT_BUNDLE_IDENTIFIER = com.iti.ShopifyUserTests;
				PRODUCT_NAME = "$(TARGET_NAME)";
				SWIFT_EMIT_LOC_STRINGS = NO;
				SWIFT_VERSION = 5.0;
				TARGETED_DEVICE_FAMILY = "1,2";
				TEST_HOST = "$(BUILT_PRODUCTS_DIR)/ShopifyUser.app/$(BUNDLE_EXECUTABLE_FOLDER_PATH)/ShopifyUser";
			};
			name = Debug;
		};
		1FC61A952A2C796E00FBDEC3 /* Release */ = {
			isa = XCBuildConfiguration;
			baseConfigurationReference = 4B172FCC19C9BC0D74E9B4EE /* Pods-ShopifyUserTests.release.xcconfig */;
			buildSettings = {
				ALWAYS_EMBED_SWIFT_STANDARD_LIBRARIES = YES;
				BUNDLE_LOADER = "$(TEST_HOST)";
				CODE_SIGN_STYLE = Automatic;
				CURRENT_PROJECT_VERSION = 1;
				GENERATE_INFOPLIST_FILE = YES;
				IPHONEOS_DEPLOYMENT_TARGET = 16.4;
				MARKETING_VERSION = 1.0;
				PRODUCT_BUNDLE_IDENTIFIER = com.iti.ShopifyUserTests;
				PRODUCT_NAME = "$(TARGET_NAME)";
				SWIFT_EMIT_LOC_STRINGS = NO;
				SWIFT_VERSION = 5.0;
				TARGETED_DEVICE_FAMILY = "1,2";
				TEST_HOST = "$(BUILT_PRODUCTS_DIR)/ShopifyUser.app/$(BUNDLE_EXECUTABLE_FOLDER_PATH)/ShopifyUser";
			};
			name = Release;
		};
		1FC61A972A2C796E00FBDEC3 /* Debug */ = {
			isa = XCBuildConfiguration;
			baseConfigurationReference = A2847943E5465EB6AA1C8AF8 /* Pods-ShopifyUser-ShopifyUserUITests.debug.xcconfig */;
			buildSettings = {
				ALWAYS_EMBED_SWIFT_STANDARD_LIBRARIES = YES;
				CODE_SIGN_STYLE = Automatic;
				CURRENT_PROJECT_VERSION = 1;
				GENERATE_INFOPLIST_FILE = YES;
				MARKETING_VERSION = 1.0;
				PRODUCT_BUNDLE_IDENTIFIER = com.iti.ShopifyUserUITests;
				PRODUCT_NAME = "$(TARGET_NAME)";
				SWIFT_EMIT_LOC_STRINGS = NO;
				SWIFT_VERSION = 5.0;
				TARGETED_DEVICE_FAMILY = "1,2";
				TEST_TARGET_NAME = ShopifyUser;
			};
			name = Debug;
		};
		1FC61A982A2C796E00FBDEC3 /* Release */ = {
			isa = XCBuildConfiguration;
			baseConfigurationReference = 15D6B23A93834029A917ABC1 /* Pods-ShopifyUser-ShopifyUserUITests.release.xcconfig */;
			buildSettings = {
				ALWAYS_EMBED_SWIFT_STANDARD_LIBRARIES = YES;
				CODE_SIGN_STYLE = Automatic;
				CURRENT_PROJECT_VERSION = 1;
				GENERATE_INFOPLIST_FILE = YES;
				MARKETING_VERSION = 1.0;
				PRODUCT_BUNDLE_IDENTIFIER = com.iti.ShopifyUserUITests;
				PRODUCT_NAME = "$(TARGET_NAME)";
				SWIFT_EMIT_LOC_STRINGS = NO;
				SWIFT_VERSION = 5.0;
				TARGETED_DEVICE_FAMILY = "1,2";
				TEST_TARGET_NAME = ShopifyUser;
			};
			name = Release;
		};
/* End XCBuildConfiguration section */

/* Begin XCConfigurationList section */
		1FC61A5E2A2C796D00FBDEC3 /* Build configuration list for PBXProject "ShopifyUser" */ = {
			isa = XCConfigurationList;
			buildConfigurations = (
				1FC61A8E2A2C796E00FBDEC3 /* Debug */,
				1FC61A8F2A2C796E00FBDEC3 /* Release */,
			);
			defaultConfigurationIsVisible = 0;
			defaultConfigurationName = Release;
		};
		1FC61A902A2C796E00FBDEC3 /* Build configuration list for PBXNativeTarget "ShopifyUser" */ = {
			isa = XCConfigurationList;
			buildConfigurations = (
				1FC61A912A2C796E00FBDEC3 /* Debug */,
				1FC61A922A2C796E00FBDEC3 /* Release */,
			);
			defaultConfigurationIsVisible = 0;
			defaultConfigurationName = Release;
		};
		1FC61A932A2C796E00FBDEC3 /* Build configuration list for PBXNativeTarget "ShopifyUserTests" */ = {
			isa = XCConfigurationList;
			buildConfigurations = (
				1FC61A942A2C796E00FBDEC3 /* Debug */,
				1FC61A952A2C796E00FBDEC3 /* Release */,
			);
			defaultConfigurationIsVisible = 0;
			defaultConfigurationName = Release;
		};
		1FC61A962A2C796E00FBDEC3 /* Build configuration list for PBXNativeTarget "ShopifyUserUITests" */ = {
			isa = XCConfigurationList;
			buildConfigurations = (
				1FC61A972A2C796E00FBDEC3 /* Debug */,
				1FC61A982A2C796E00FBDEC3 /* Release */,
			);
			defaultConfigurationIsVisible = 0;
			defaultConfigurationName = Release;
		};
/* End XCConfigurationList section */

/* Begin XCVersionGroup section */
		1FC61A6F2A2C796D00FBDEC3 /* ShopifyUser.xcdatamodeld */ = {
			isa = XCVersionGroup;
			children = (
				1FC61A702A2C796D00FBDEC3 /* ShopifyUser.xcdatamodel */,
			);
			currentVersion = 1FC61A702A2C796D00FBDEC3 /* ShopifyUser.xcdatamodel */;
			path = ShopifyUser.xcdatamodeld;
			sourceTree = "<group>";
			versionGroupType = wrapper.xcdatamodel;
		};
/* End XCVersionGroup section */
	};
	rootObject = 1FC61A5B2A2C796D00FBDEC3 /* Project object */;
}
